
Microsoft Visual Studio Solution File, Format Version 12.00
# Visual Studio Version 16
VisualStudioVersion = 16.0.30517.126
MinimumVisualStudioVersion = 10.0.40219.1
Project("{FAE04EC0-301F-11D3-BF4B-00C04F79EFBC}") = "ImagesEF.Web", "ImagesEF\ImagesEF.Web.csproj", "{B7CA43ED-622D-4053-A333-462F6FC382EE}"
EndProject
Project("{FAE04EC0-301F-11D3-BF4B-00C04F79EFBC}") = "ImagesEF.Data", "ImagesEF.Data\ImagesEF.Data.csproj", "{A09F3F3B-2196-44A8-837E-CD8FD6586DF4}"
EndProject
Global
	GlobalSection(SolutionConfigurationPlatforms) = preSolution
		Debug|Any CPU = Debug|Any CPU
		Release|Any CPU = Release|Any CPU
	EndGlobalSection
	GlobalSection(ProjectConfigurationPlatforms) = postSolution
		{B7CA43ED-622D-4053-A333-462F6FC382EE}.Debug|Any CPU.ActiveCfg = Debug|Any CPU
		{B7CA43ED-622D-4053-A333-462F6FC382EE}.Debug|Any CPU.Build.0 = Debug|Any CPU
		{B7CA43ED-622D-4053-A333-462F6FC382EE}.Release|Any CPU.ActiveCfg = Release|Any CPU
		{B7CA43ED-622D-4053-A333-462F6FC382EE}.Release|Any CPU.Build.0 = Release|Any CPU
		{A09F3F3B-2196-44A8-837E-CD8FD6586DF4}.Debug|Any CPU.ActiveCfg = Debug|Any CPU
		{A09F3F3B-2196-44A8-837E-CD8FD6586DF4}.Debug|Any CPU.Build.0 = Debug|Any CPU
		{A09F3F3B-2196-44A8-837E-CD8FD6586DF4}.Release|Any CPU.ActiveCfg = Release|Any CPU
		{A09F3F3B-2196-44A8-837E-CD8FD6586DF4}.Release|Any CPU.Build.0 = Release|Any CPU
	EndGlobalSection
	GlobalSection(SolutionProperties) = preSolution
		HideSolutionNode = FALSE
	EndGlobalSection
	GlobalSection(ExtensibilityGlobals) = postSolution
		SolutionGuid = {9F3D69C6-6083-4439-83E0-535D0E861A34}
	EndGlobalSection
EndGlobal
